// !$*UTF8*$!
{
	archiveVersion = 1;
	classes = {
	};
	objectVersion = 46;
	objects = {

/* Begin PBXBuildFile section */
		186D6EEB066B6030DA323141 /* libPods-ADScrollVIew.a in Frameworks */ = {isa = PBXBuildFile; fileRef = 6B03E8BEDBFE99F6F9E49346 /* libPods-ADScrollVIew.a */; };
		C110EF5F1C014C13002B03AF /* main.m in Sources */ = {isa = PBXBuildFile; fileRef = C110EF5E1C014C13002B03AF /* main.m */; };
		C110EF621C014C13002B03AF /* AppDelegate.m in Sources */ = {isa = PBXBuildFile; fileRef = C110EF611C014C13002B03AF /* AppDelegate.m */; };
		C110EF651C014C13002B03AF /* ViewController.m in Sources */ = {isa = PBXBuildFile; fileRef = C110EF641C014C13002B03AF /* ViewController.m */; };
		C110EF6A1C014C13002B03AF /* Assets.xcassets in Resources */ = {isa = PBXBuildFile; fileRef = C110EF691C014C13002B03AF /* Assets.xcassets */; };
		C110EF6D1C014C13002B03AF /* LaunchScreen.storyboard in Resources */ = {isa = PBXBuildFile; fileRef = C110EF6B1C014C13002B03AF /* LaunchScreen.storyboard */; };
		C110EF7D1C014CA7002B03AF /* GameModel.m in Sources */ = {isa = PBXBuildFile; fileRef = C110EF761C014CA7002B03AF /* GameModel.m */; settings = {ASSET_TAGS = (); }; };
		C110EF7E1C014CA7002B03AF /* ADScrollView.m in Sources */ = {isa = PBXBuildFile; fileRef = C110EF781C014CA7002B03AF /* ADScrollView.m */; settings = {ASSET_TAGS = (); }; };
		C110EF7F1C014CA7002B03AF /* RootViewController.m in Sources */ = {isa = PBXBuildFile; fileRef = C110EF7A1C014CA7002B03AF /* RootViewController.m */; settings = {ASSET_TAGS = (); }; };
		C110EF801C014CA7002B03AF /* WebViewController.m in Sources */ = {isa = PBXBuildFile; fileRef = C110EF7C1C014CA7002B03AF /* WebViewController.m */; settings = {ASSET_TAGS = (); }; };
/* End PBXBuildFile section */

/* Begin PBXFileReference section */
		57A496D0080862D3DE10E788 /* Pods-ADScrollVIew.debug.xcconfig */ = {isa = PBXFileReference; includeInIndex = 1; lastKnownFileType = text.xcconfig; name = "Pods-ADScrollVIew.debug.xcconfig"; path = "Pods/Target Support Files/Pods-ADScrollVIew/Pods-ADScrollVIew.debug.xcconfig"; sourceTree = "<group>"; };
		69396BB0E72864232F6F7657 /* Pods-ADScrollVIew.release.xcconfig */ = {isa = PBXFileReference; includeInIndex = 1; lastKnownFileType = text.xcconfig; name = "Pods-ADScrollVIew.release.xcconfig"; path = "Pods/Target Support Files/Pods-ADScrollVIew/Pods-ADScrollVIew.release.xcconfig"; sourceTree = "<group>"; };
		6B03E8BEDBFE99F6F9E49346 /* libPods-ADScrollVIew.a */ = {isa = PBXFileReference; explicitFileType = archive.ar; includeInIndex = 0; path = "libPods-ADScrollVIew.a"; sourceTree = BUILT_PRODUCTS_DIR; };
		C110EF5A1C014C13002B03AF /* ADScrollVIew.app */ = {isa = PBXFileReference; explicitFileType = wrapper.application; includeInIndex = 0; path = ADScrollVIew.app; sourceTree = BUILT_PRODUCTS_DIR; };
		C110EF5E1C014C13002B03AF /* main.m */ = {isa = PBXFileReference; lastKnownFileType = sourcecode.c.objc; path = main.m; sourceTree = "<group>"; };
		C110EF601C014C13002B03AF /* AppDelegate.h */ = {isa = PBXFileReference; lastKnownFileType = sourcecode.c.h; path = AppDelegate.h; sourceTree = "<group>"; };
		C110EF611C014C13002B03AF /* AppDelegate.m */ = {isa = PBXFileReference; lastKnownFileType = sourcecode.c.objc; path = AppDelegate.m; sourceTree = "<group>"; };
		C110EF631C014C13002B03AF /* ViewController.h */ = {isa = PBXFileReference; lastKnownFileType = sourcecode.c.h; path = ViewController.h; sourceTree = "<group>"; };
		C110EF641C014C13002B03AF /* ViewController.m */ = {isa = PBXFileReference; lastKnownFileType = sourcecode.c.objc; path = ViewController.m; sourceTree = "<group>"; };
		C110EF691C014C13002B03AF /* Assets.xcassets */ = {isa = PBXFileReference; lastKnownFileType = folder.assetcatalog; path = Assets.xcassets; sourceTree = "<group>"; };
		C110EF6C1C014C13002B03AF /* Base */ = {isa = PBXFileReference; lastKnownFileType = file.storyboard; name = Base; path = Base.lproj/LaunchScreen.storyboard; sourceTree = "<group>"; };
		C110EF6E1C014C13002B03AF /* Info.plist */ = {isa = PBXFileReference; lastKnownFileType = text.plist.xml; path = Info.plist; sourceTree = "<group>"; };
		C110EF741C014C68002B03AF /* PrefixHeader.pch */ = {isa = PBXFileReference; fileEncoding = 4; lastKnownFileType = sourcecode.c.h; path = PrefixHeader.pch; sourceTree = "<group>"; };
		C110EF751C014CA7002B03AF /* GameModel.h */ = {isa = PBXFileReference; fileEncoding = 4; lastKnownFileType = sourcecode.c.h; path = GameModel.h; sourceTree = "<group>"; };
		C110EF761C014CA7002B03AF /* GameModel.m */ = {isa = PBXFileReference; fileEncoding = 4; lastKnownFileType = sourcecode.c.objc; path = GameModel.m; sourceTree = "<group>"; };
		C110EF771C014CA7002B03AF /* ADScrollView.h */ = {isa = PBXFileReference; fileEncoding = 4; lastKnownFileType = sourcecode.c.h; path = ADScrollView.h; sourceTree = "<group>"; };
		C110EF781C014CA7002B03AF /* ADScrollView.m */ = {isa = PBXFileReference; fileEncoding = 4; lastKnownFileType = sourcecode.c.objc; path = ADScrollView.m; sourceTree = "<group>"; };
		C110EF791C014CA7002B03AF /* RootViewController.h */ = {isa = PBXFileReference; fileEncoding = 4; lastKnownFileType = sourcecode.c.h; path = RootViewController.h; sourceTree = "<group>"; };
		C110EF7A1C014CA7002B03AF /* RootViewController.m */ = {isa = PBXFileReference; fileEncoding = 4; lastKnownFileType = sourcecode.c.objc; path = RootViewController.m; sourceTree = "<group>"; };
		C110EF7B1C014CA7002B03AF /* WebViewController.h */ = {isa = PBXFileReference; fileEncoding = 4; lastKnownFileType = sourcecode.c.h; path = WebViewController.h; sourceTree = "<group>"; };
		C110EF7C1C014CA7002B03AF /* WebViewController.m */ = {isa = PBXFileReference; fileEncoding = 4; lastKnownFileType = sourcecode.c.objc; path = WebViewController.m; sourceTree = "<group>"; };
/* End PBXFileReference section */

/* Begin PBXFrameworksBuildPhase section */
		C110EF571C014C13002B03AF /* Frameworks */ = {
			isa = PBXFrameworksBuildPhase;
			buildActionMask = 2147483647;
			files = (
				186D6EEB066B6030DA323141 /* libPods-ADScrollVIew.a in Frameworks */,
			);
			runOnlyForDeploymentPostprocessing = 0;
		};
/* End PBXFrameworksBuildPhase section */

/* Begin PBXGroup section */
		00FD69D8A46869A087993868 /* Pods */ = {
			isa = PBXGroup;
			children = (
				57A496D0080862D3DE10E788 /* Pods-ADScrollVIew.debug.xcconfig */,
				69396BB0E72864232F6F7657 /* Pods-ADScrollVIew.release.xcconfig */,
			);
			name = Pods;
			sourceTree = "<group>";
		};
		6AD4DFA26108304C06FFB26C /* Frameworks */ = {
			isa = PBXGroup;
			children = (
				6B03E8BEDBFE99F6F9E49346 /* libPods-ADScrollVIew.a */,
			);
			name = Frameworks;
			sourceTree = "<group>";
		};
		C110EF511C014C13002B03AF = {
			isa = PBXGroup;
			children = (
				C110EF741C014C68002B03AF /* PrefixHeader.pch */,
				C110EF5C1C014C13002B03AF /* ADScrollVIew */,
				C110EF5B1C014C13002B03AF /* Products */,
				00FD69D8A46869A087993868 /* Pods */,
				6AD4DFA26108304C06FFB26C /* Frameworks */,
			);
			sourceTree = "<group>";
		};
		C110EF5B1C014C13002B03AF /* Products */ = {
			isa = PBXGroup;
			children = (
				C110EF5A1C014C13002B03AF /* ADScrollVIew.app */,
			);
			name = Products;
			sourceTree = "<group>";
		};
		C110EF5C1C014C13002B03AF /* ADScrollVIew */ = {
			isa = PBXGroup;
			children = (
				C110EF751C014CA7002B03AF /* GameModel.h */,
				C110EF761C014CA7002B03AF /* GameModel.m */,
				C110EF771C014CA7002B03AF /* ADScrollView.h */,
				C110EF781C014CA7002B03AF /* ADScrollView.m */,
				C110EF791C014CA7002B03AF /* RootViewController.h */,
				C110EF7A1C014CA7002B03AF /* RootViewController.m */,
				C110EF7B1C014CA7002B03AF /* WebViewController.h */,
				C110EF7C1C014CA7002B03AF /* WebViewController.m */,
				C110EF601C014C13002B03AF /* AppDelegate.h */,
				C110EF611C014C13002B03AF /* AppDelegate.m */,
				C110EF631C014C13002B03AF /* ViewController.h */,
				C110EF641C014C13002B03AF /* ViewController.m */,
				C110EF691C014C13002B03AF /* Assets.xcassets */,
				C110EF6B1C014C13002B03AF /* LaunchScreen.storyboard */,
				C110EF6E1C014C13002B03AF /* Info.plist */,
				C110EF5D1C014C13002B03AF /* Supporting Files */,
			);
			path = ADScrollVIew;
			sourceTree = "<group>";
		};
		C110EF5D1C014C13002B03AF /* Supporting Files */ = {
			isa = PBXGroup;
			children = (
				C110EF5E1C014C13002B03AF /* main.m */,
			);
			name = "Supporting Files";
			sourceTree = "<group>";
		};
/* End PBXGroup section */

/* Begin PBXNativeTarget section */
		C110EF591C014C13002B03AF /* ADScrollVIew */ = {
			isa = PBXNativeTarget;
			buildConfigurationList = C110EF711C014C13002B03AF /* Build configuration list for PBXNativeTarget "ADScrollVIew" */;
			buildPhases = (
				20D18911BDEC1781426EC519 /* Check Pods Manifest.lock */,
				C110EF561C014C13002B03AF /* Sources */,
				C110EF571C014C13002B03AF /* Frameworks */,
				C110EF581C014C13002B03AF /* Resources */,
				139075659C29C431EFA14CEE /* Embed Pods Frameworks */,
				4605CE8C9450AEAD34EDF3BD /* Copy Pods Resources */,
			);
			buildRules = (
			);
			dependencies = (
			);
			name = ADScrollVIew;
			productName = ADScrollVIew;
			productReference = C110EF5A1C014C13002B03AF /* ADScrollVIew.app */;
			productType = "com.apple.product-type.application";
		};
/* End PBXNativeTarget section */

/* Begin PBXProject section */
		C110EF521C014C13002B03AF /* Project object */ = {
			isa = PBXProject;
			attributes = {
				LastUpgradeCheck = 0700;
				ORGANIZATIONNAME = "张永杰";
				TargetAttributes = {
					C110EF591C014C13002B03AF = {
						CreatedOnToolsVersion = 7.0;
						DevelopmentTeam = 834E95R3LK;
					};
				};
			};
			buildConfigurationList = C110EF551C014C13002B03AF /* Build configuration list for PBXProject "ADScrollVIew" */;
			compatibilityVersion = "Xcode 3.2";
			developmentRegion = English;
			hasScannedForEncodings = 0;
			knownRegions = (
				en,
				Base,
			);
			mainGroup = C110EF511C014C13002B03AF;
			productRefGroup = C110EF5B1C014C13002B03AF /* Products */;
			projectDirPath = "";
			projectRoot = "";
			targets = (
				C110EF591C014C13002B03AF /* ADScrollVIew */,
			);
		};
/* End PBXProject section */

/* Begin PBXResourcesBuildPhase section */
		C110EF581C014C13002B03AF /* Resources */ = {
			isa = PBXResourcesBuildPhase;
			buildActionMask = 2147483647;
			files = (
				C110EF6D1C014C13002B03AF /* LaunchScreen.storyboard in Resources */,
				C110EF6A1C014C13002B03AF /* Assets.xcassets in Resources */,
			);
			runOnlyForDeploymentPostprocessing = 0;
		};
/* End PBXResourcesBuildPhase section */

/* Begin PBXShellScriptBuildPhase section */
		139075659C29C431EFA14CEE /* Embed Pods Frameworks */ = {
			isa = PBXShellScriptBuildPhase;
			buildActionMask = 2147483647;
			files = (
			);
			inputPaths = (
			);
			name = "Embed Pods Frameworks";
			outputPaths = (
			);
			runOnlyForDeploymentPostprocessing = 0;
			shellPath = /bin/sh;
			shellScript = "\"${SRCROOT}/Pods/Target Support Files/Pods-ADScrollVIew/Pods-ADScrollVIew-frameworks.sh\"\n";
			showEnvVarsInLog = 0;
		};
		20D18911BDEC1781426EC519 /* Check Pods Manifest.lock */ = {
			isa = PBXShellScriptBuildPhase;
			buildActionMask = 2147483647;
			files = (
			);
			inputPaths = (
			);
			name = "Check Pods Manifest.lock";
			outputPaths = (
			);
			runOnlyForDeploymentPostprocessing = 0;
			shellPath = /bin/sh;
			shellScript = "diff \"${PODS_ROOT}/../Podfile.lock\" \"${PODS_ROOT}/Manifest.lock\" > /dev/null\nif [[ $? != 0 ]] ; then\n    cat << EOM\nerror: The sandbox is not in sync with the Podfile.lock. Run 'pod install' or update your CocoaPods installation.\nEOM\n    exit 1\nfi\n";
			showEnvVarsInLog = 0;
		};
		4605CE8C9450AEAD34EDF3BD /* Copy Pods Resources */ = {
			isa = PBXShellScriptBuildPhase;
			buildActionMask = 2147483647;
			files = (
			);
			inputPaths = (
			);
			name = "Copy Pods Resources";
			outputPaths = (
			);
			runOnlyForDeploymentPostprocessing = 0;
			shellPath = /bin/sh;
			shellScript = "\"${SRCROOT}/Pods/Target Support Files/Pods-ADScrollVIew/Pods-ADScrollVIew-resources.sh\"\n";
			showEnvVarsInLog = 0;
		};
/* End PBXShellScriptBuildPhase section */

/* Begin PBXSourcesBuildPhase section */
		C110EF561C014C13002B03AF /* Sources */ = {
			isa = PBXSourcesBuildPhase;
			buildActionMask = 2147483647;
			files = (
				C110EF7E1C014CA7002B03AF /* ADScrollView.m in Sources */,
				C110EF801C014CA7002B03AF /* WebViewController.m in Sources */,
				C110EF651C014C13002B03AF /* ViewController.m in Sources */,
				C110EF7F1C014CA7002B03AF /* RootViewController.m in Sources */,
				C110EF7D1C014CA7002B03AF /* GameModel.m in Sources */,
				C110EF621C014C13002B03AF /* AppDelegate.m in Sources */,
				C110EF5F1C014C13002B03AF /* main.m in Sources */,
			);
			runOnlyForDeploymentPostprocessing = 0;
		};
/* End PBXSourcesBuildPhase section */

/* Begin PBXVariantGroup section */
		C110EF6B1C014C13002B03AF /* LaunchScreen.storyboard */ = {
			isa = PBXVariantGroup;
			children = (
				C110EF6C1C014C13002B03AF /* Base */,
			);
			name = LaunchScreen.storyboard;
			sourceTree = "<group>";
		};
/* End PBXVariantGroup section */

/* Begin XCBuildConfiguration section */
		C110EF6F1C014C13002B03AF /* Debug */ = {
			isa = XCBuildConfiguration;
			buildSettings = {
				ALWAYS_SEARCH_USER_PATHS = NO;
				CLANG_CXX_LANGUAGE_STANDARD = "gnu++0x";
				CLANG_CXX_LIBRARY = "libc++";
				CLANG_ENABLE_MODULES = YES;
				CLANG_ENABLE_OBJC_ARC = YES;
				CLANG_WARN_BOOL_CONVERSION = YES;
				CLANG_WARN_CONSTANT_CONVERSION = YES;
				CLANG_WARN_DIRECT_OBJC_ISA_USAGE = YES_ERROR;
				CLANG_WARN_EMPTY_BODY = YES;
				CLANG_WARN_ENUM_CONVERSION = YES;
				CLANG_WARN_INT_CONVERSION = YES;
				CLANG_WARN_OBJC_ROOT_CLASS = YES_ERROR;
				CLANG_WARN_UNREACHABLE_CODE = YES;
				CLANG_WARN__DUPLICATE_METHOD_MATCH = YES;
				"CODE_SIGN_IDENTITY[sdk=iphoneos*]" = "iPhone Developer";
				COPY_PHASE_STRIP = NO;
				DEBUG_INFORMATION_FORMAT = dwarf;
				ENABLE_STRICT_OBJC_MSGSEND = YES;
				ENABLE_TESTABILITY = YES;
				GCC_C_LANGUAGE_STANDARD = gnu99;
				GCC_DYNAMIC_NO_PIC = NO;
				GCC_NO_COMMON_BLOCKS = YES;
				GCC_OPTIMIZATION_LEVEL = 0;
				GCC_PREPROCESSOR_DEFINITIONS = (
					"DEBUG=1",
					"$(inherited)",
				);
				GCC_WARN_64_TO_32_BIT_CONVERSION = YES;
				GCC_WARN_ABOUT_RETURN_TYPE = YES_ERROR;
				GCC_WARN_UNDECLARED_SELECTOR = YES;
				GCC_WARN_UNINITIALIZED_AUTOS = YES_AGGRESSIVE;
				GCC_WARN_UNUSED_FUNCTION = YES;
				GCC_WARN_UNUSED_VARIABLE = YES;
				IPHONEOS_DEPLOYMENT_TARGET = 9.0;
				MTL_ENABLE_DEBUG_INFO = YES;
				ONLY_ACTIVE_ARCH = YES;
				SDKROOT = iphoneos;
				TARGETED_DEVICE_FAMILY = "1,2";
			};
			name = Debug;
		};
		C110EF701C014C13002B03AF /* Release */ = {
			isa = XCBuildConfiguration;
			buildSettings = {
				ALWAYS_SEARCH_USER_PATHS = NO;
				CLANG_CXX_LANGUAGE_STANDARD = "gnu++0x";
				CLANG_CXX_LIBRARY = "libc++";
				CLANG_ENABLE_MODULES = YES;
				CLANG_ENABLE_OBJC_ARC = YES;
				CLANG_WARN_BOOL_CONVERSION = YES;
				CLANG_WARN_CONSTANT_CONVERSION = YES;
				CLANG_WARN_DIRECT_OBJC_ISA_USAGE = YES_ERROR;
				CLANG_WARN_EMPTY_BODY = YES;
				CLANG_WARN_ENUM_CONVERSION = YES;
				CLANG_WARN_INT_CONVERSION = YES;
				CLANG_WARN_OBJC_ROOT_CLASS = YES_ERROR;
				CLANG_WARN_UNREACHABLE_CODE = YES;
				CLANG_WARN__DUPLICATE_METHOD_MATCH = YES;
				"CODE_SIGN_IDENTITY[sdk=iphoneos*]" = "iPhone Developer";
				COPY_PHASE_STRIP = NO;
				DEBUG_INFORMATION_FORMAT = "dwarf-with-dsym";
				ENABLE_NS_ASSERTIONS = NO;
				ENABLE_STRICT_OBJC_MSGSEND = YES;
				GCC_C_LANGUAGE_STANDARD = gnu99;
				GCC_NO_COMMON_BLOCKS = YES;
				GCC_WARN_64_TO_32_BIT_CONVERSION = YES;
				GCC_WARN_ABOUT_RETURN_TYPE = YES_ERROR;
				GCC_WARN_UNDECLARED_SELECTOR = YES;
				GCC_WARN_UNINITIALIZED_AUTOS = YES_AGGRESSIVE;
				GCC_WARN_UNUSED_FUNCTION = YES;
				GCC_WARN_UNUSED_VARIABLE = YES;
				IPHONEOS_DEPLOYMENT_TARGET = 9.0;
				MTL_ENABLE_DEBUG_INFO = NO;
				SDKROOT = iphoneos;
				TARGETED_DEVICE_FAMILY = "1,2";
				VALIDATE_PRODUCT = YES;
			};
			name = Release;
		};
		C110EF721C014C13002B03AF /* Debug */ = {
			isa = XCBuildConfiguration;
			baseConfigurationReference = 57A496D0080862D3DE10E788 /* Pods-ADScrollVIew.debug.xcconfig */;
			buildSettings = {
				ASSETCATALOG_COMPILER_APPICON_NAME = AppIcon;
				GCC_PREFIX_HEADER = "$(SRCROOT)/PrefixHeader.pch";
				INFOPLIST_FILE = ADScrollVIew/Info.plist;
				LD_RUNPATH_SEARCH_PATHS = "$(inherited) @executable_path/Frameworks";
				PRODUCT_BUNDLE_IDENTIFIER = "------.ADScrollVIew";
				PRODUCT_NAME = "$(TARGET_NAME)";
			};
			name = Debug;
		};
		C110EF731C014C13002B03AF /* Release */ = {
			isa = XCBuildConfiguration;
			baseConfigurationReference = 69396BB0E72864232F6F7657 /* Pods-ADScrollVIew.release.xcconfig */;
			buildSettings = {
				ASSETCATALOG_COMPILER_APPICON_NAME = AppIcon;
				GCC_PREFIX_HEADER = "$(SRCROOT)/PrefixHeader.pch";
				INFOPLIST_FILE = ADScrollVIew/Info.plist;
				LD_RUNPATH_SEARCH_PATHS = "$(inherited) @executable_path/Frameworks";
				PRODUCT_BUNDLE_IDENTIFIER = "------.ADScrollVIew";
				PRODUCT_NAME = "$(TARGET_NAME)";
			};
			name = Release;
		};
/* End XCBuildConfiguration section */

/* Begin XCConfigurationList section */
		C110EF551C014C13002B03AF /* Build configuration list for PBXProject "ADScrollVIew" */ = {
			isa = XCConfigurationList;
			buildConfigurations = (
				C110EF6F1C014C13002B03AF /* Debug */,
				C110EF701C014C13002B03AF /* Release */,
			);
			defaultConfigurationIsVisible = 0;
			defaultConfigurationName = Release;
		};
		C110EF711C014C13002B03AF /* Build configuration list for PBXNativeTarget "ADScrollVIew" */ = {
			isa = XCConfigurationList;
			buildConfigurations = (
				C110EF721C014C13002B03AF /* Debug */,
				C110EF731C014C13002B03AF /* Release */,
			);
			defaultConfigurationIsVisible = 0;
			defaultConfigurationName = Release;
		};
/* End XCConfigurationList section */
	};
	rootObject = C110EF521C014C13002B03AF /* Project object */;
}
